
Microsoft Visual Studio Solution File, Format Version 12.00
# Visual Studio 15
VisualStudioVersion = 15.0.26124.0
MinimumVisualStudioVersion = 15.0.26124.0
Project("{FAE04EC0-301F-11D3-BF4B-00C04F79EFBC}") = "RedBookPlayer", "RedBookPlayer\RedBookPlayer.csproj", "{94944959-0352-4ABF-9C5C-19FF33747ECE}"
EndProject
Project("{FAE04EC0-301F-11D3-BF4B-00C04F79EFBC}") = "CSCore", "cscore\CSCore\CSCore.csproj", "{C97C30F9-30F3-4BA2-9A02-CF8644DEB616}"
EndProject
Project("{FAE04EC0-301F-11D3-BF4B-00C04F79EFBC}") = "Aaru.CommonTypes", "Aaru\Aaru.CommonTypes\Aaru.CommonTypes.csproj", "{F2B84194-26EB-4227-B1C5-6602517E85AE}"
EndProject
Project("{FAE04EC0-301F-11D3-BF4B-00C04F79EFBC}") = "Aaru.Decoders", "Aaru\Aaru.Decoders\Aaru.Decoders.csproj", "{0BEB3088-B634-4289-AE17-CDF2D25D00D5}"
EndProject
Project("{FAE04EC0-301F-11D3-BF4B-00C04F79EFBC}") = "Aaru.Images", "Aaru\Aaru.Images\Aaru.Images.csproj", "{74032CBC-339B-42F3-AF6F-E96C261F3E6A}"
EndProject
Project("{FAE04EC0-301F-11D3-BF4B-00C04F79EFBC}") = "Aaru.Checksums", "Aaru\Aaru.Checksums\Aaru.Checksums.csproj", "{CC48B324-A532-4A45-87A6-6F91F7141E8D}"
EndProject
Project("{FAE04EC0-301F-11D3-BF4B-00C04F79EFBC}") = "Aaru.Console", "Aaru\Aaru.Console\Aaru.Console.csproj", "{CCAA7AFE-C094-4D82-A66D-630DE8A3F545}"
EndProject
Project("{FAE04EC0-301F-11D3-BF4B-00C04F79EFBC}") = "Aaru.Helpers", "Aaru\Aaru.Helpers\Aaru.Helpers.csproj", "{F8BDF57B-1571-4CD0-84B3-B422088D359A}"
EndProject
Project("{FAE04EC0-301F-11D3-BF4B-00C04F79EFBC}") = "Aaru.Compression", "Aaru\Aaru.Compression\Aaru.Compression.csproj", "{858398D1-7321-4763-8BAB-56BBFEC74E29}"
EndProject
Project("{FAE04EC0-301F-11D3-BF4B-00C04F79EFBC}") = "Aaru.Filters", "Aaru\Aaru.Filters\Aaru.Filters.csproj", "{D571B8EF-903D-4353-BDD5-B834F9F029EF}"
EndProject
Project("{FAE04EC0-301F-11D3-BF4B-00C04F79EFBC}") = "CUETools.Codecs", "Aaru\cuetools.net\CUETools.Codecs\CUETools.Codecs.csproj", "{1E8EB4FB-C16D-437F-B54C-0026D32E9230}"
EndProject
Project("{FAE04EC0-301F-11D3-BF4B-00C04F79EFBC}") = "CUETools.Codecs.Flake", "Aaru\cuetools.net\CUETools.Codecs.Flake\CUETools.Codecs.Flake.csproj", "{6089CEBC-C88F-4A4C-8717-676F7CC427B9}"
EndProject
Global
	GlobalSection(SolutionConfigurationPlatforms) = preSolution
		Debug|Any CPU = Debug|Any CPU
		Debug|x64 = Debug|x64
		Debug|x86 = Debug|x86
		Release|Any CPU = Release|Any CPU
		Release|x64 = Release|x64
		Release|x86 = Release|x86
	EndGlobalSection
	GlobalSection(SolutionProperties) = preSolution
		HideSolutionNode = FALSE
	EndGlobalSection
	GlobalSection(ProjectConfigurationPlatforms) = postSolution
		{94944959-0352-4ABF-9C5C-19FF33747ECE}.Debug|Any CPU.ActiveCfg = Debug|Any CPU
		{94944959-0352-4ABF-9C5C-19FF33747ECE}.Debug|Any CPU.Build.0 = Debug|Any CPU
		{94944959-0352-4ABF-9C5C-19FF33747ECE}.Debug|x64.ActiveCfg = Debug|Any CPU
		{94944959-0352-4ABF-9C5C-19FF33747ECE}.Debug|x64.Build.0 = Debug|Any CPU
		{94944959-0352-4ABF-9C5C-19FF33747ECE}.Debug|x86.ActiveCfg = Debug|Any CPU
		{94944959-0352-4ABF-9C5C-19FF33747ECE}.Debug|x86.Build.0 = Debug|Any CPU
		{94944959-0352-4ABF-9C5C-19FF33747ECE}.Release|Any CPU.ActiveCfg = Release|Any CPU
		{94944959-0352-4ABF-9C5C-19FF33747ECE}.Release|Any CPU.Build.0 = Release|Any CPU
		{94944959-0352-4ABF-9C5C-19FF33747ECE}.Release|x64.ActiveCfg = Release|Any CPU
		{94944959-0352-4ABF-9C5C-19FF33747ECE}.Release|x64.Build.0 = Release|Any CPU
		{94944959-0352-4ABF-9C5C-19FF33747ECE}.Release|x86.ActiveCfg = Release|Any CPU
		{94944959-0352-4ABF-9C5C-19FF33747ECE}.Release|x86.Build.0 = Release|Any CPU
		{C97C30F9-30F3-4BA2-9A02-CF8644DEB616}.Debug|Any CPU.ActiveCfg = Debug|Any CPU
		{C97C30F9-30F3-4BA2-9A02-CF8644DEB616}.Debug|Any CPU.Build.0 = Debug|Any CPU
		{C97C30F9-30F3-4BA2-9A02-CF8644DEB616}.Debug|x64.ActiveCfg = Debug|Any CPU
		{C97C30F9-30F3-4BA2-9A02-CF8644DEB616}.Debug|x64.Build.0 = Debug|Any CPU
		{C97C30F9-30F3-4BA2-9A02-CF8644DEB616}.Debug|x86.ActiveCfg = Debug|Any CPU
		{C97C30F9-30F3-4BA2-9A02-CF8644DEB616}.Debug|x86.Build.0 = Debug|Any CPU
		{C97C30F9-30F3-4BA2-9A02-CF8644DEB616}.Release|Any CPU.ActiveCfg = Release|Any CPU
		{C97C30F9-30F3-4BA2-9A02-CF8644DEB616}.Release|Any CPU.Build.0 = Release|Any CPU
		{C97C30F9-30F3-4BA2-9A02-CF8644DEB616}.Release|x64.ActiveCfg = Release|Any CPU
		{C97C30F9-30F3-4BA2-9A02-CF8644DEB616}.Release|x64.Build.0 = Release|Any CPU
		{C97C30F9-30F3-4BA2-9A02-CF8644DEB616}.Release|x86.ActiveCfg = Release|Any CPU
		{C97C30F9-30F3-4BA2-9A02-CF8644DEB616}.Release|x86.Build.0 = Release|Any CPU
		{F2B84194-26EB-4227-B1C5-6602517E85AE}.Debug|Any CPU.ActiveCfg = Debug|Any CPU
		{F2B84194-26EB-4227-B1C5-6602517E85AE}.Debug|Any CPU.Build.0 = Debug|Any CPU
		{F2B84194-26EB-4227-B1C5-6602517E85AE}.Debug|x64.ActiveCfg = Debug|Any CPU
		{F2B84194-26EB-4227-B1C5-6602517E85AE}.Debug|x64.Build.0 = Debug|Any CPU
		{F2B84194-26EB-4227-B1C5-6602517E85AE}.Debug|x86.ActiveCfg = Debug|Any CPU
		{F2B84194-26EB-4227-B1C5-6602517E85AE}.Debug|x86.Build.0 = Debug|Any CPU
		{F2B84194-26EB-4227-B1C5-6602517E85AE}.Release|Any CPU.ActiveCfg = Release|Any CPU
		{F2B84194-26EB-4227-B1C5-6602517E85AE}.Release|Any CPU.Build.0 = Release|Any CPU
		{F2B84194-26EB-4227-B1C5-6602517E85AE}.Release|x64.ActiveCfg = Release|Any CPU
		{F2B84194-26EB-4227-B1C5-6602517E85AE}.Release|x64.Build.0 = Release|Any CPU
		{F2B84194-26EB-4227-B1C5-6602517E85AE}.Release|x86.ActiveCfg = Release|Any CPU
		{F2B84194-26EB-4227-B1C5-6602517E85AE}.Release|x86.Build.0 = Release|Any CPU
		{0BEB3088-B634-4289-AE17-CDF2D25D00D5}.Debug|Any CPU.ActiveCfg = Debug|Any CPU
		{0BEB3088-B634-4289-AE17-CDF2D25D00D5}.Debug|Any CPU.Build.0 = Debug|Any CPU
		{0BEB3088-B634-4289-AE17-CDF2D25D00D5}.Debug|x64.ActiveCfg = Debug|Any CPU
		{0BEB3088-B634-4289-AE17-CDF2D25D00D5}.Debug|x64.Build.0 = Debug|Any CPU
		{0BEB3088-B634-4289-AE17-CDF2D25D00D5}.Debug|x86.ActiveCfg = Debug|Any CPU
		{0BEB3088-B634-4289-AE17-CDF2D25D00D5}.Debug|x86.Build.0 = Debug|Any CPU
		{0BEB3088-B634-4289-AE17-CDF2D25D00D5}.Release|Any CPU.ActiveCfg = Release|Any CPU
		{0BEB3088-B634-4289-AE17-CDF2D25D00D5}.Release|Any CPU.Build.0 = Release|Any CPU
		{0BEB3088-B634-4289-AE17-CDF2D25D00D5}.Release|x64.ActiveCfg = Release|Any CPU
		{0BEB3088-B634-4289-AE17-CDF2D25D00D5}.Release|x64.Build.0 = Release|Any CPU
		{0BEB3088-B634-4289-AE17-CDF2D25D00D5}.Release|x86.ActiveCfg = Release|Any CPU
		{0BEB3088-B634-4289-AE17-CDF2D25D00D5}.Release|x86.Build.0 = Release|Any CPU
		{74032CBC-339B-42F3-AF6F-E96C261F3E6A}.Debug|Any CPU.ActiveCfg = Debug|Any CPU
		{74032CBC-339B-42F3-AF6F-E96C261F3E6A}.Debug|Any CPU.Build.0 = Debug|Any CPU
		{74032CBC-339B-42F3-AF6F-E96C261F3E6A}.Debug|x64.ActiveCfg = Debug|Any CPU
		{74032CBC-339B-42F3-AF6F-E96C261F3E6A}.Debug|x64.Build.0 = Debug|Any CPU
		{74032CBC-339B-42F3-AF6F-E96C261F3E6A}.Debug|x86.ActiveCfg = Debug|Any CPU
		{74032CBC-339B-42F3-AF6F-E96C261F3E6A}.Debug|x86.Build.0 = Debug|Any CPU
		{74032CBC-339B-42F3-AF6F-E96C261F3E6A}.Release|Any CPU.ActiveCfg = Release|Any CPU
		{74032CBC-339B-42F3-AF6F-E96C261F3E6A}.Release|Any CPU.Build.0 = Release|Any CPU
		{74032CBC-339B-42F3-AF6F-E96C261F3E6A}.Release|x64.ActiveCfg = Release|Any CPU
		{74032CBC-339B-42F3-AF6F-E96C261F3E6A}.Release|x64.Build.0 = Release|Any CPU
		{74032CBC-339B-42F3-AF6F-E96C261F3E6A}.Release|x86.ActiveCfg = Release|Any CPU
		{74032CBC-339B-42F3-AF6F-E96C261F3E6A}.Release|x86.Build.0 = Release|Any CPU
		{CC48B324-A532-4A45-87A6-6F91F7141E8D}.Debug|Any CPU.ActiveCfg = Debug|Any CPU
		{CC48B324-A532-4A45-87A6-6F91F7141E8D}.Debug|Any CPU.Build.0 = Debug|Any CPU
		{CC48B324-A532-4A45-87A6-6F91F7141E8D}.Debug|x64.ActiveCfg = Debug|Any CPU
		{CC48B324-A532-4A45-87A6-6F91F7141E8D}.Debug|x64.Build.0 = Debug|Any CPU
		{CC48B324-A532-4A45-87A6-6F91F7141E8D}.Debug|x86.ActiveCfg = Debug|Any CPU
		{CC48B324-A532-4A45-87A6-6F91F7141E8D}.Debug|x86.Build.0 = Debug|Any CPU
		{CC48B324-A532-4A45-87A6-6F91F7141E8D}.Release|Any CPU.ActiveCfg = Release|Any CPU
		{CC48B324-A532-4A45-87A6-6F91F7141E8D}.Release|Any CPU.Build.0 = Release|Any CPU
		{CC48B324-A532-4A45-87A6-6F91F7141E8D}.Release|x64.ActiveCfg = Release|Any CPU
		{CC48B324-A532-4A45-87A6-6F91F7141E8D}.Release|x64.Build.0 = Release|Any CPU
		{CC48B324-A532-4A45-87A6-6F91F7141E8D}.Release|x86.ActiveCfg = Release|Any CPU
		{CC48B324-A532-4A45-87A6-6F91F7141E8D}.Release|x86.Build.0 = Release|Any CPU
		{CCAA7AFE-C094-4D82-A66D-630DE8A3F545}.Debug|Any CPU.ActiveCfg = Debug|Any CPU
		{CCAA7AFE-C094-4D82-A66D-630DE8A3F545}.Debug|Any CPU.Build.0 = Debug|Any CPU
		{CCAA7AFE-C094-4D82-A66D-630DE8A3F545}.Debug|x64.ActiveCfg = Debug|Any CPU
		{CCAA7AFE-C094-4D82-A66D-630DE8A3F545}.Debug|x64.Build.0 = Debug|Any CPU
		{CCAA7AFE-C094-4D82-A66D-630DE8A3F545}.Debug|x86.ActiveCfg = Debug|Any CPU
		{CCAA7AFE-C094-4D82-A66D-630DE8A3F545}.Debug|x86.Build.0 = Debug|Any CPU
		{CCAA7AFE-C094-4D82-A66D-630DE8A3F545}.Release|Any CPU.ActiveCfg = Release|Any CPU
		{CCAA7AFE-C094-4D82-A66D-630DE8A3F545}.Release|Any CPU.Build.0 = Release|Any CPU
		{CCAA7AFE-C094-4D82-A66D-630DE8A3F545}.Release|x64.ActiveCfg = Release|Any CPU
		{CCAA7AFE-C094-4D82-A66D-630DE8A3F545}.Release|x64.Build.0 = Release|Any CPU
		{CCAA7AFE-C094-4D82-A66D-630DE8A3F545}.Release|x86.ActiveCfg = Release|Any CPU
		{CCAA7AFE-C094-4D82-A66D-630DE8A3F545}.Release|x86.Build.0 = Release|Any CPU
		{F8BDF57B-1571-4CD0-84B3-B422088D359A}.Debug|Any CPU.ActiveCfg = Debug|Any CPU
		{F8BDF57B-1571-4CD0-84B3-B422088D359A}.Debug|Any CPU.Build.0 = Debug|Any CPU
		{F8BDF57B-1571-4CD0-84B3-B422088D359A}.Debug|x64.ActiveCfg = Debug|Any CPU
		{F8BDF57B-1571-4CD0-84B3-B422088D359A}.Debug|x64.Build.0 = Debug|Any CPU
		{F8BDF57B-1571-4CD0-84B3-B422088D359A}.Debug|x86.ActiveCfg = Debug|Any CPU
		{F8BDF57B-1571-4CD0-84B3-B422088D359A}.Debug|x86.Build.0 = Debug|Any CPU
		{F8BDF57B-1571-4CD0-84B3-B422088D359A}.Release|Any CPU.ActiveCfg = Release|Any CPU
		{F8BDF57B-1571-4CD0-84B3-B422088D359A}.Release|Any CPU.Build.0 = Release|Any CPU
		{F8BDF57B-1571-4CD0-84B3-B422088D359A}.Release|x64.ActiveCfg = Release|Any CPU
		{F8BDF57B-1571-4CD0-84B3-B422088D359A}.Release|x64.Build.0 = Release|Any CPU
		{F8BDF57B-1571-4CD0-84B3-B422088D359A}.Release|x86.ActiveCfg = Release|Any CPU
		{F8BDF57B-1571-4CD0-84B3-B422088D359A}.Release|x86.Build.0 = Release|Any CPU
		{858398D1-7321-4763-8BAB-56BBFEC74E29}.Debug|Any CPU.ActiveCfg = Debug|Any CPU
		{858398D1-7321-4763-8BAB-56BBFEC74E29}.Debug|Any CPU.Build.0 = Debug|Any CPU
		{858398D1-7321-4763-8BAB-56BBFEC74E29}.Debug|x64.ActiveCfg = Debug|Any CPU
		{858398D1-7321-4763-8BAB-56BBFEC74E29}.Debug|x64.Build.0 = Debug|Any CPU
		{858398D1-7321-4763-8BAB-56BBFEC74E29}.Debug|x86.ActiveCfg = Debug|Any CPU
		{858398D1-7321-4763-8BAB-56BBFEC74E29}.Debug|x86.Build.0 = Debug|Any CPU
		{858398D1-7321-4763-8BAB-56BBFEC74E29}.Release|Any CPU.ActiveCfg = Release|Any CPU
		{858398D1-7321-4763-8BAB-56BBFEC74E29}.Release|Any CPU.Build.0 = Release|Any CPU
		{858398D1-7321-4763-8BAB-56BBFEC74E29}.Release|x64.ActiveCfg = Release|Any CPU
		{858398D1-7321-4763-8BAB-56BBFEC74E29}.Release|x64.Build.0 = Release|Any CPU
		{858398D1-7321-4763-8BAB-56BBFEC74E29}.Release|x86.ActiveCfg = Release|Any CPU
		{858398D1-7321-4763-8BAB-56BBFEC74E29}.Release|x86.Build.0 = Release|Any CPU
		{D571B8EF-903D-4353-BDD5-B834F9F029EF}.Debug|Any CPU.ActiveCfg = Debug|Any CPU
		{D571B8EF-903D-4353-BDD5-B834F9F029EF}.Debug|Any CPU.Build.0 = Debug|Any CPU
		{D571B8EF-903D-4353-BDD5-B834F9F029EF}.Debug|x64.ActiveCfg = Debug|Any CPU
		{D571B8EF-903D-4353-BDD5-B834F9F029EF}.Debug|x64.Build.0 = Debug|Any CPU
		{D571B8EF-903D-4353-BDD5-B834F9F029EF}.Debug|x86.ActiveCfg = Debug|Any CPU
		{D571B8EF-903D-4353-BDD5-B834F9F029EF}.Debug|x86.Build.0 = Debug|Any CPU
		{D571B8EF-903D-4353-BDD5-B834F9F029EF}.Release|Any CPU.ActiveCfg = Release|Any CPU
		{D571B8EF-903D-4353-BDD5-B834F9F029EF}.Release|Any CPU.Build.0 = Release|Any CPU
		{D571B8EF-903D-4353-BDD5-B834F9F029EF}.Release|x64.ActiveCfg = Release|Any CPU
		{D571B8EF-903D-4353-BDD5-B834F9F029EF}.Release|x64.Build.0 = Release|Any CPU
		{D571B8EF-903D-4353-BDD5-B834F9F029EF}.Release|x86.ActiveCfg = Release|Any CPU
		{D571B8EF-903D-4353-BDD5-B834F9F029EF}.Release|x86.Build.0 = Release|Any CPU
		{1E8EB4FB-C16D-437F-B54C-0026D32E9230}.Debug|Any CPU.ActiveCfg = Debug|Any CPU
		{1E8EB4FB-C16D-437F-B54C-0026D32E9230}.Debug|Any CPU.Build.0 = Debug|Any CPU
		{1E8EB4FB-C16D-437F-B54C-0026D32E9230}.Debug|x64.ActiveCfg = Debug|Any CPU
		{1E8EB4FB-C16D-437F-B54C-0026D32E9230}.Debug|x64.Build.0 = Debug|Any CPU
		{1E8EB4FB-C16D-437F-B54C-0026D32E9230}.Debug|x86.ActiveCfg = Debug|Any CPU
		{1E8EB4FB-C16D-437F-B54C-0026D32E9230}.Debug|x86.Build.0 = Debug|Any CPU
		{1E8EB4FB-C16D-437F-B54C-0026D32E9230}.Release|Any CPU.ActiveCfg = Release|Any CPU
		{1E8EB4FB-C16D-437F-B54C-0026D32E9230}.Release|Any CPU.Build.0 = Release|Any CPU
		{1E8EB4FB-C16D-437F-B54C-0026D32E9230}.Release|x64.ActiveCfg = Release|Any CPU
		{1E8EB4FB-C16D-437F-B54C-0026D32E9230}.Release|x64.Build.0 = Release|Any CPU
		{1E8EB4FB-C16D-437F-B54C-0026D32E9230}.Release|x86.ActiveCfg = Release|Any CPU
		{1E8EB4FB-C16D-437F-B54C-0026D32E9230}.Release|x86.Build.0 = Release|Any CPU
		{6089CEBC-C88F-4A4C-8717-676F7CC427B9}.Debug|Any CPU.ActiveCfg = Debug|Any CPU
		{6089CEBC-C88F-4A4C-8717-676F7CC427B9}.Debug|Any CPU.Build.0 = Debug|Any CPU
		{6089CEBC-C88F-4A4C-8717-676F7CC427B9}.Debug|x64.ActiveCfg = Debug|Any CPU
		{6089CEBC-C88F-4A4C-8717-676F7CC427B9}.Debug|x64.Build.0 = Debug|Any CPU
		{6089CEBC-C88F-4A4C-8717-676F7CC427B9}.Debug|x86.ActiveCfg = Debug|Any CPU
		{6089CEBC-C88F-4A4C-8717-676F7CC427B9}.Debug|x86.Build.0 = Debug|Any CPU
		{6089CEBC-C88F-4A4C-8717-676F7CC427B9}.Release|Any CPU.ActiveCfg = Release|Any CPU
		{6089CEBC-C88F-4A4C-8717-676F7CC427B9}.Release|Any CPU.Build.0 = Release|Any CPU
		{6089CEBC-C88F-4A4C-8717-676F7CC427B9}.Release|x64.ActiveCfg = Release|Any CPU
		{6089CEBC-C88F-4A4C-8717-676F7CC427B9}.Release|x64.Build.0 = Release|Any CPU
		{6089CEBC-C88F-4A4C-8717-676F7CC427B9}.Release|x86.ActiveCfg = Release|Any CPU
		{6089CEBC-C88F-4A4C-8717-676F7CC427B9}.Release|x86.Build.0 = Release|Any CPU
	EndGlobalSection
EndGlobal
