
Microsoft Visual Studio Solution File, Format Version 12.00
# Visual Studio Version 16
VisualStudioVersion = 16.0.31321.278
MinimumVisualStudioVersion = 15.0.26124.0
Project("{9A19103F-16F7-4668-BE54-9A1E7A4F7556}") = "RedBookPlayer.GUI", "RedBookPlayer.GUI\RedBookPlayer.GUI.csproj", "{94944959-0352-4ABF-9C5C-19FF33747ECE}"
EndProject
Project("{2150E333-8FDC-42A3-9474-1A3956D46DE8}") = "cscore", "cscore", "{9A371299-4C59-4E46-9C3B-4FE024017491}"
EndProject
Project("{9A19103F-16F7-4668-BE54-9A1E7A4F7556}") = "CSCore", "cscore\CSCore\CSCore.csproj", "{C81E7637-D25A-4545-8E27-4D83D973F4DC}"
EndProject
Project("{2150E333-8FDC-42A3-9474-1A3956D46DE8}") = "Aaru", "Aaru", "{BAC4D43B-B6B0-495F-A147-1D4761D60134}"
EndProject
Project("{9A19103F-16F7-4668-BE54-9A1E7A4F7556}") = "Aaru.CommonTypes", "Aaru\Aaru.CommonTypes\Aaru.CommonTypes.csproj", "{F2B84194-26EB-4227-B1C5-6602517E85AE}"
EndProject
Project("{9A19103F-16F7-4668-BE54-9A1E7A4F7556}") = "Aaru.Decoders", "Aaru\Aaru.Decoders\Aaru.Decoders.csproj", "{0BEB3088-B634-4289-AE17-CDF2D25D00D5}"
EndProject
Project("{9A19103F-16F7-4668-BE54-9A1E7A4F7556}") = "Aaru.Helpers", "Aaru\Aaru.Helpers\Aaru.Helpers.csproj", "{F8BDF57B-1571-4CD0-84B3-B422088D359A}"
EndProject
Project("{9A19103F-16F7-4668-BE54-9A1E7A4F7556}") = "Aaru.Images", "Aaru\Aaru.Images\Aaru.Images.csproj", "{74032CBC-339B-42F3-AF6F-E96C261F3E6A}"
EndProject
Project("{9A19103F-16F7-4668-BE54-9A1E7A4F7556}") = "Aaru.Console", "Aaru\Aaru.Console\Aaru.Console.csproj", "{CCAA7AFE-C094-4D82-A66D-630DE8A3F545}"
EndProject
Project("{9A19103F-16F7-4668-BE54-9A1E7A4F7556}") = "Aaru.Checksums", "Aaru\Aaru.Checksums\Aaru.Checksums.csproj", "{CC48B324-A532-4A45-87A6-6F91F7141E8D}"
EndProject
Project("{9A19103F-16F7-4668-BE54-9A1E7A4F7556}") = "Aaru.Compression", "Aaru\Aaru.Compression\Aaru.Compression.csproj", "{858398D1-7321-4763-8BAB-56BBFEC74E29}"
EndProject
Project("{9A19103F-16F7-4668-BE54-9A1E7A4F7556}") = "Aaru.Filters", "Aaru\Aaru.Filters\Aaru.Filters.csproj", "{D571B8EF-903D-4353-BDD5-B834F9F029EF}"
EndProject
Project("{2150E333-8FDC-42A3-9474-1A3956D46DE8}") = "cuetools.net", "cuetools.net", "{7B180FCA-A2BB-48C8-AF36-2300C033C476}"
EndProject
Project("{9A19103F-16F7-4668-BE54-9A1E7A4F7556}") = "CUETools.Codecs", "Aaru\cuetools.net\CUETools.Codecs\CUETools.Codecs.csproj", "{8F4AD79C-D5E5-44C4-9F03-B0DF4EE8BBA0}"
EndProject
Project("{9A19103F-16F7-4668-BE54-9A1E7A4F7556}") = "CUETools.Codecs.Flake", "Aaru\cuetools.net\CUETools.Codecs.Flake\CUETools.Codecs.Flake.csproj", "{ED8E11B7-786F-4EFF-9E4C-B937B7A2DE89}"
EndProject
Project("{2150E333-8FDC-42A3-9474-1A3956D46DE8}") = "Solution Items", "Solution Items", "{0531C157-8111-4BC9-8C65-A2FDDB0C96FD}"
	ProjectSection(SolutionItems) = preProject
		build.bat = build.bat
		build.sh = build.sh
		README.md = README.md
	EndProjectSection
EndProject
Project("{9A19103F-16F7-4668-BE54-9A1E7A4F7556}") = "RedBookPlayer.Models", "RedBookPlayer.Models\RedBookPlayer.Models.csproj", "{462A3B8E-A5D4-4539-8469-1647B47AB2A8}"
EndProject
Global
	GlobalSection(SolutionConfigurationPlatforms) = preSolution
		Debug|Any CPU = Debug|Any CPU
		Debug|x64 = Debug|x64
		Debug|x86 = Debug|x86
		Release|Any CPU = Release|Any CPU
		Release|x64 = Release|x64
		Release|x86 = Release|x86
	EndGlobalSection
	GlobalSection(ProjectConfigurationPlatforms) = postSolution
		{94944959-0352-4ABF-9C5C-19FF33747ECE}.Debug|Any CPU.ActiveCfg = Debug|Any CPU
		{94944959-0352-4ABF-9C5C-19FF33747ECE}.Debug|Any CPU.Build.0 = Debug|Any CPU
		{94944959-0352-4ABF-9C5C-19FF33747ECE}.Debug|x64.ActiveCfg = Debug|Any CPU
		{94944959-0352-4ABF-9C5C-19FF33747ECE}.Debug|x64.Build.0 = Debug|Any CPU
		{94944959-0352-4ABF-9C5C-19FF33747ECE}.Debug|x86.ActiveCfg = Debug|Any CPU
		{94944959-0352-4ABF-9C5C-19FF33747ECE}.Debug|x86.Build.0 = Debug|Any CPU
		{94944959-0352-4ABF-9C5C-19FF33747ECE}.Release|Any CPU.ActiveCfg = Release|Any CPU
		{94944959-0352-4ABF-9C5C-19FF33747ECE}.Release|Any CPU.Build.0 = Release|Any CPU
		{94944959-0352-4ABF-9C5C-19FF33747ECE}.Release|x64.ActiveCfg = Release|Any CPU
		{94944959-0352-4ABF-9C5C-19FF33747ECE}.Release|x64.Build.0 = Release|Any CPU
		{94944959-0352-4ABF-9C5C-19FF33747ECE}.Release|x86.ActiveCfg = Release|Any CPU
		{94944959-0352-4ABF-9C5C-19FF33747ECE}.Release|x86.Build.0 = Release|Any CPU
		{C81E7637-D25A-4545-8E27-4D83D973F4DC}.Debug|Any CPU.ActiveCfg = Debug|Any CPU
		{C81E7637-D25A-4545-8E27-4D83D973F4DC}.Debug|Any CPU.Build.0 = Debug|Any CPU
		{C81E7637-D25A-4545-8E27-4D83D973F4DC}.Debug|x64.ActiveCfg = Debug|Any CPU
		{C81E7637-D25A-4545-8E27-4D83D973F4DC}.Debug|x64.Build.0 = Debug|Any CPU
		{C81E7637-D25A-4545-8E27-4D83D973F4DC}.Debug|x86.ActiveCfg = Debug|Any CPU
		{C81E7637-D25A-4545-8E27-4D83D973F4DC}.Debug|x86.Build.0 = Debug|Any CPU
		{C81E7637-D25A-4545-8E27-4D83D973F4DC}.Release|Any CPU.ActiveCfg = Release|Any CPU
		{C81E7637-D25A-4545-8E27-4D83D973F4DC}.Release|Any CPU.Build.0 = Release|Any CPU
		{C81E7637-D25A-4545-8E27-4D83D973F4DC}.Release|x64.ActiveCfg = Release|Any CPU
		{C81E7637-D25A-4545-8E27-4D83D973F4DC}.Release|x64.Build.0 = Release|Any CPU
		{C81E7637-D25A-4545-8E27-4D83D973F4DC}.Release|x86.ActiveCfg = Release|Any CPU
		{C81E7637-D25A-4545-8E27-4D83D973F4DC}.Release|x86.Build.0 = Release|Any CPU
		{F2B84194-26EB-4227-B1C5-6602517E85AE}.Debug|Any CPU.ActiveCfg = Debug|Any CPU
		{F2B84194-26EB-4227-B1C5-6602517E85AE}.Debug|Any CPU.Build.0 = Debug|Any CPU
		{F2B84194-26EB-4227-B1C5-6602517E85AE}.Debug|x64.ActiveCfg = Debug|Any CPU
		{F2B84194-26EB-4227-B1C5-6602517E85AE}.Debug|x64.Build.0 = Debug|Any CPU
		{F2B84194-26EB-4227-B1C5-6602517E85AE}.Debug|x86.ActiveCfg = Debug|Any CPU
		{F2B84194-26EB-4227-B1C5-6602517E85AE}.Debug|x86.Build.0 = Debug|Any CPU
		{F2B84194-26EB-4227-B1C5-6602517E85AE}.Release|Any CPU.ActiveCfg = Release|Any CPU
		{F2B84194-26EB-4227-B1C5-6602517E85AE}.Release|Any CPU.Build.0 = Release|Any CPU
		{F2B84194-26EB-4227-B1C5-6602517E85AE}.Release|x64.ActiveCfg = Release|Any CPU
		{F2B84194-26EB-4227-B1C5-6602517E85AE}.Release|x64.Build.0 = Release|Any CPU
		{F2B84194-26EB-4227-B1C5-6602517E85AE}.Release|x86.ActiveCfg = Release|Any CPU
		{F2B84194-26EB-4227-B1C5-6602517E85AE}.Release|x86.Build.0 = Release|Any CPU
		{0BEB3088-B634-4289-AE17-CDF2D25D00D5}.Debug|Any CPU.ActiveCfg = Debug|Any CPU
		{0BEB3088-B634-4289-AE17-CDF2D25D00D5}.Debug|Any CPU.Build.0 = Debug|Any CPU
		{0BEB3088-B634-4289-AE17-CDF2D25D00D5}.Debug|x64.ActiveCfg = Debug|Any CPU
		{0BEB3088-B634-4289-AE17-CDF2D25D00D5}.Debug|x64.Build.0 = Debug|Any CPU
		{0BEB3088-B634-4289-AE17-CDF2D25D00D5}.Debug|x86.ActiveCfg = Debug|Any CPU
		{0BEB3088-B634-4289-AE17-CDF2D25D00D5}.Debug|x86.Build.0 = Debug|Any CPU
		{0BEB3088-B634-4289-AE17-CDF2D25D00D5}.Release|Any CPU.ActiveCfg = Release|Any CPU
		{0BEB3088-B634-4289-AE17-CDF2D25D00D5}.Release|Any CPU.Build.0 = Release|Any CPU
		{0BEB3088-B634-4289-AE17-CDF2D25D00D5}.Release|x64.ActiveCfg = Release|Any CPU
		{0BEB3088-B634-4289-AE17-CDF2D25D00D5}.Release|x64.Build.0 = Release|Any CPU
		{0BEB3088-B634-4289-AE17-CDF2D25D00D5}.Release|x86.ActiveCfg = Release|Any CPU
		{0BEB3088-B634-4289-AE17-CDF2D25D00D5}.Release|x86.Build.0 = Release|Any CPU
		{F8BDF57B-1571-4CD0-84B3-B422088D359A}.Debug|Any CPU.ActiveCfg = Debug|Any CPU
		{F8BDF57B-1571-4CD0-84B3-B422088D359A}.Debug|Any CPU.Build.0 = Debug|Any CPU
		{F8BDF57B-1571-4CD0-84B3-B422088D359A}.Debug|x64.ActiveCfg = Debug|Any CPU
		{F8BDF57B-1571-4CD0-84B3-B422088D359A}.Debug|x64.Build.0 = Debug|Any CPU
		{F8BDF57B-1571-4CD0-84B3-B422088D359A}.Debug|x86.ActiveCfg = Debug|Any CPU
		{F8BDF57B-1571-4CD0-84B3-B422088D359A}.Debug|x86.Build.0 = Debug|Any CPU
		{F8BDF57B-1571-4CD0-84B3-B422088D359A}.Release|Any CPU.ActiveCfg = Release|Any CPU
		{F8BDF57B-1571-4CD0-84B3-B422088D359A}.Release|Any CPU.Build.0 = Release|Any CPU
		{F8BDF57B-1571-4CD0-84B3-B422088D359A}.Release|x64.ActiveCfg = Release|Any CPU
		{F8BDF57B-1571-4CD0-84B3-B422088D359A}.Release|x64.Build.0 = Release|Any CPU
		{F8BDF57B-1571-4CD0-84B3-B422088D359A}.Release|x86.ActiveCfg = Release|Any CPU
		{F8BDF57B-1571-4CD0-84B3-B422088D359A}.Release|x86.Build.0 = Release|Any CPU
		{74032CBC-339B-42F3-AF6F-E96C261F3E6A}.Debug|Any CPU.ActiveCfg = Debug|Any CPU
		{74032CBC-339B-42F3-AF6F-E96C261F3E6A}.Debug|Any CPU.Build.0 = Debug|Any CPU
		{74032CBC-339B-42F3-AF6F-E96C261F3E6A}.Debug|x64.ActiveCfg = Debug|Any CPU
		{74032CBC-339B-42F3-AF6F-E96C261F3E6A}.Debug|x64.Build.0 = Debug|Any CPU
		{74032CBC-339B-42F3-AF6F-E96C261F3E6A}.Debug|x86.ActiveCfg = Debug|Any CPU
		{74032CBC-339B-42F3-AF6F-E96C261F3E6A}.Debug|x86.Build.0 = Debug|Any CPU
		{74032CBC-339B-42F3-AF6F-E96C261F3E6A}.Release|Any CPU.ActiveCfg = Release|Any CPU
		{74032CBC-339B-42F3-AF6F-E96C261F3E6A}.Release|Any CPU.Build.0 = Release|Any CPU
		{74032CBC-339B-42F3-AF6F-E96C261F3E6A}.Release|x64.ActiveCfg = Release|Any CPU
		{74032CBC-339B-42F3-AF6F-E96C261F3E6A}.Release|x64.Build.0 = Release|Any CPU
		{74032CBC-339B-42F3-AF6F-E96C261F3E6A}.Release|x86.ActiveCfg = Release|Any CPU
		{74032CBC-339B-42F3-AF6F-E96C261F3E6A}.Release|x86.Build.0 = Release|Any CPU
		{CCAA7AFE-C094-4D82-A66D-630DE8A3F545}.Debug|Any CPU.ActiveCfg = Debug|Any CPU
		{CCAA7AFE-C094-4D82-A66D-630DE8A3F545}.Debug|Any CPU.Build.0 = Debug|Any CPU
		{CCAA7AFE-C094-4D82-A66D-630DE8A3F545}.Debug|x64.ActiveCfg = Debug|Any CPU
		{CCAA7AFE-C094-4D82-A66D-630DE8A3F545}.Debug|x64.Build.0 = Debug|Any CPU
		{CCAA7AFE-C094-4D82-A66D-630DE8A3F545}.Debug|x86.ActiveCfg = Debug|Any CPU
		{CCAA7AFE-C094-4D82-A66D-630DE8A3F545}.Debug|x86.Build.0 = Debug|Any CPU
		{CCAA7AFE-C094-4D82-A66D-630DE8A3F545}.Release|Any CPU.ActiveCfg = Release|Any CPU
		{CCAA7AFE-C094-4D82-A66D-630DE8A3F545}.Release|Any CPU.Build.0 = Release|Any CPU
		{CCAA7AFE-C094-4D82-A66D-630DE8A3F545}.Release|x64.ActiveCfg = Release|Any CPU
		{CCAA7AFE-C094-4D82-A66D-630DE8A3F545}.Release|x64.Build.0 = Release|Any CPU
		{CCAA7AFE-C094-4D82-A66D-630DE8A3F545}.Release|x86.ActiveCfg = Release|Any CPU
		{CCAA7AFE-C094-4D82-A66D-630DE8A3F545}.Release|x86.Build.0 = Release|Any CPU
		{CC48B324-A532-4A45-87A6-6F91F7141E8D}.Debug|Any CPU.ActiveCfg = Debug|Any CPU
		{CC48B324-A532-4A45-87A6-6F91F7141E8D}.Debug|Any CPU.Build.0 = Debug|Any CPU
		{CC48B324-A532-4A45-87A6-6F91F7141E8D}.Debug|x64.ActiveCfg = Debug|Any CPU
		{CC48B324-A532-4A45-87A6-6F91F7141E8D}.Debug|x64.Build.0 = Debug|Any CPU
		{CC48B324-A532-4A45-87A6-6F91F7141E8D}.Debug|x86.ActiveCfg = Debug|Any CPU
		{CC48B324-A532-4A45-87A6-6F91F7141E8D}.Debug|x86.Build.0 = Debug|Any CPU
		{CC48B324-A532-4A45-87A6-6F91F7141E8D}.Release|Any CPU.ActiveCfg = Release|Any CPU
		{CC48B324-A532-4A45-87A6-6F91F7141E8D}.Release|Any CPU.Build.0 = Release|Any CPU
		{CC48B324-A532-4A45-87A6-6F91F7141E8D}.Release|x64.ActiveCfg = Release|Any CPU
		{CC48B324-A532-4A45-87A6-6F91F7141E8D}.Release|x64.Build.0 = Release|Any CPU
		{CC48B324-A532-4A45-87A6-6F91F7141E8D}.Release|x86.ActiveCfg = Release|Any CPU
		{CC48B324-A532-4A45-87A6-6F91F7141E8D}.Release|x86.Build.0 = Release|Any CPU
		{858398D1-7321-4763-8BAB-56BBFEC74E29}.Debug|Any CPU.ActiveCfg = Debug|Any CPU
		{858398D1-7321-4763-8BAB-56BBFEC74E29}.Debug|Any CPU.Build.0 = Debug|Any CPU
		{858398D1-7321-4763-8BAB-56BBFEC74E29}.Debug|x64.ActiveCfg = Debug|Any CPU
		{858398D1-7321-4763-8BAB-56BBFEC74E29}.Debug|x64.Build.0 = Debug|Any CPU
		{858398D1-7321-4763-8BAB-56BBFEC74E29}.Debug|x86.ActiveCfg = Debug|Any CPU
		{858398D1-7321-4763-8BAB-56BBFEC74E29}.Debug|x86.Build.0 = Debug|Any CPU
		{858398D1-7321-4763-8BAB-56BBFEC74E29}.Release|Any CPU.ActiveCfg = Release|Any CPU
		{858398D1-7321-4763-8BAB-56BBFEC74E29}.Release|Any CPU.Build.0 = Release|Any CPU
		{858398D1-7321-4763-8BAB-56BBFEC74E29}.Release|x64.ActiveCfg = Release|Any CPU
		{858398D1-7321-4763-8BAB-56BBFEC74E29}.Release|x64.Build.0 = Release|Any CPU
		{858398D1-7321-4763-8BAB-56BBFEC74E29}.Release|x86.ActiveCfg = Release|Any CPU
		{858398D1-7321-4763-8BAB-56BBFEC74E29}.Release|x86.Build.0 = Release|Any CPU
		{D571B8EF-903D-4353-BDD5-B834F9F029EF}.Debug|Any CPU.ActiveCfg = Debug|Any CPU
		{D571B8EF-903D-4353-BDD5-B834F9F029EF}.Debug|Any CPU.Build.0 = Debug|Any CPU
		{D571B8EF-903D-4353-BDD5-B834F9F029EF}.Debug|x64.ActiveCfg = Debug|Any CPU
		{D571B8EF-903D-4353-BDD5-B834F9F029EF}.Debug|x64.Build.0 = Debug|Any CPU
		{D571B8EF-903D-4353-BDD5-B834F9F029EF}.Debug|x86.ActiveCfg = Debug|Any CPU
		{D571B8EF-903D-4353-BDD5-B834F9F029EF}.Debug|x86.Build.0 = Debug|Any CPU
		{D571B8EF-903D-4353-BDD5-B834F9F029EF}.Release|Any CPU.ActiveCfg = Release|Any CPU
		{D571B8EF-903D-4353-BDD5-B834F9F029EF}.Release|Any CPU.Build.0 = Release|Any CPU
		{D571B8EF-903D-4353-BDD5-B834F9F029EF}.Release|x64.ActiveCfg = Release|Any CPU
		{D571B8EF-903D-4353-BDD5-B834F9F029EF}.Release|x64.Build.0 = Release|Any CPU
		{D571B8EF-903D-4353-BDD5-B834F9F029EF}.Release|x86.ActiveCfg = Release|Any CPU
		{D571B8EF-903D-4353-BDD5-B834F9F029EF}.Release|x86.Build.0 = Release|Any CPU
		{8F4AD79C-D5E5-44C4-9F03-B0DF4EE8BBA0}.Debug|Any CPU.ActiveCfg = Debug|Any CPU
		{8F4AD79C-D5E5-44C4-9F03-B0DF4EE8BBA0}.Debug|Any CPU.Build.0 = Debug|Any CPU
		{8F4AD79C-D5E5-44C4-9F03-B0DF4EE8BBA0}.Debug|x64.ActiveCfg = Debug|Any CPU
		{8F4AD79C-D5E5-44C4-9F03-B0DF4EE8BBA0}.Debug|x64.Build.0 = Debug|Any CPU
		{8F4AD79C-D5E5-44C4-9F03-B0DF4EE8BBA0}.Debug|x86.ActiveCfg = Debug|Any CPU
		{8F4AD79C-D5E5-44C4-9F03-B0DF4EE8BBA0}.Debug|x86.Build.0 = Debug|Any CPU
		{8F4AD79C-D5E5-44C4-9F03-B0DF4EE8BBA0}.Release|Any CPU.ActiveCfg = Release|Any CPU
		{8F4AD79C-D5E5-44C4-9F03-B0DF4EE8BBA0}.Release|Any CPU.Build.0 = Release|Any CPU
		{8F4AD79C-D5E5-44C4-9F03-B0DF4EE8BBA0}.Release|x64.ActiveCfg = Release|Any CPU
		{8F4AD79C-D5E5-44C4-9F03-B0DF4EE8BBA0}.Release|x64.Build.0 = Release|Any CPU
		{8F4AD79C-D5E5-44C4-9F03-B0DF4EE8BBA0}.Release|x86.ActiveCfg = Release|Any CPU
		{8F4AD79C-D5E5-44C4-9F03-B0DF4EE8BBA0}.Release|x86.Build.0 = Release|Any CPU
		{ED8E11B7-786F-4EFF-9E4C-B937B7A2DE89}.Debug|Any CPU.ActiveCfg = Debug|Any CPU
		{ED8E11B7-786F-4EFF-9E4C-B937B7A2DE89}.Debug|Any CPU.Build.0 = Debug|Any CPU
		{ED8E11B7-786F-4EFF-9E4C-B937B7A2DE89}.Debug|x64.ActiveCfg = Debug|Any CPU
		{ED8E11B7-786F-4EFF-9E4C-B937B7A2DE89}.Debug|x64.Build.0 = Debug|Any CPU
		{ED8E11B7-786F-4EFF-9E4C-B937B7A2DE89}.Debug|x86.ActiveCfg = Debug|Any CPU
		{ED8E11B7-786F-4EFF-9E4C-B937B7A2DE89}.Debug|x86.Build.0 = Debug|Any CPU
		{ED8E11B7-786F-4EFF-9E4C-B937B7A2DE89}.Release|Any CPU.ActiveCfg = Release|Any CPU
		{ED8E11B7-786F-4EFF-9E4C-B937B7A2DE89}.Release|Any CPU.Build.0 = Release|Any CPU
		{ED8E11B7-786F-4EFF-9E4C-B937B7A2DE89}.Release|x64.ActiveCfg = Release|Any CPU
		{ED8E11B7-786F-4EFF-9E4C-B937B7A2DE89}.Release|x64.Build.0 = Release|Any CPU
		{ED8E11B7-786F-4EFF-9E4C-B937B7A2DE89}.Release|x86.ActiveCfg = Release|Any CPU
		{ED8E11B7-786F-4EFF-9E4C-B937B7A2DE89}.Release|x86.Build.0 = Release|Any CPU
		{462A3B8E-A5D4-4539-8469-1647B47AB2A8}.Debug|Any CPU.ActiveCfg = Debug|Any CPU
		{462A3B8E-A5D4-4539-8469-1647B47AB2A8}.Debug|Any CPU.Build.0 = Debug|Any CPU
		{462A3B8E-A5D4-4539-8469-1647B47AB2A8}.Debug|x64.ActiveCfg = Debug|Any CPU
		{462A3B8E-A5D4-4539-8469-1647B47AB2A8}.Debug|x64.Build.0 = Debug|Any CPU
		{462A3B8E-A5D4-4539-8469-1647B47AB2A8}.Debug|x86.ActiveCfg = Debug|Any CPU
		{462A3B8E-A5D4-4539-8469-1647B47AB2A8}.Debug|x86.Build.0 = Debug|Any CPU
		{462A3B8E-A5D4-4539-8469-1647B47AB2A8}.Release|Any CPU.ActiveCfg = Release|Any CPU
		{462A3B8E-A5D4-4539-8469-1647B47AB2A8}.Release|Any CPU.Build.0 = Release|Any CPU
		{462A3B8E-A5D4-4539-8469-1647B47AB2A8}.Release|x64.ActiveCfg = Release|Any CPU
		{462A3B8E-A5D4-4539-8469-1647B47AB2A8}.Release|x64.Build.0 = Release|Any CPU
		{462A3B8E-A5D4-4539-8469-1647B47AB2A8}.Release|x86.ActiveCfg = Release|Any CPU
		{462A3B8E-A5D4-4539-8469-1647B47AB2A8}.Release|x86.Build.0 = Release|Any CPU
	EndGlobalSection
	GlobalSection(SolutionProperties) = preSolution
		HideSolutionNode = FALSE
	EndGlobalSection
	GlobalSection(NestedProjects) = preSolution
		{C81E7637-D25A-4545-8E27-4D83D973F4DC} = {9A371299-4C59-4E46-9C3B-4FE024017491}
		{F2B84194-26EB-4227-B1C5-6602517E85AE} = {BAC4D43B-B6B0-495F-A147-1D4761D60134}
		{0BEB3088-B634-4289-AE17-CDF2D25D00D5} = {BAC4D43B-B6B0-495F-A147-1D4761D60134}
		{F8BDF57B-1571-4CD0-84B3-B422088D359A} = {BAC4D43B-B6B0-495F-A147-1D4761D60134}
		{74032CBC-339B-42F3-AF6F-E96C261F3E6A} = {BAC4D43B-B6B0-495F-A147-1D4761D60134}
		{CCAA7AFE-C094-4D82-A66D-630DE8A3F545} = {BAC4D43B-B6B0-495F-A147-1D4761D60134}
		{CC48B324-A532-4A45-87A6-6F91F7141E8D} = {BAC4D43B-B6B0-495F-A147-1D4761D60134}
		{858398D1-7321-4763-8BAB-56BBFEC74E29} = {BAC4D43B-B6B0-495F-A147-1D4761D60134}
		{D571B8EF-903D-4353-BDD5-B834F9F029EF} = {BAC4D43B-B6B0-495F-A147-1D4761D60134}
		{7B180FCA-A2BB-48C8-AF36-2300C033C476} = {BAC4D43B-B6B0-495F-A147-1D4761D60134}
		{8F4AD79C-D5E5-44C4-9F03-B0DF4EE8BBA0} = {7B180FCA-A2BB-48C8-AF36-2300C033C476}
		{ED8E11B7-786F-4EFF-9E4C-B937B7A2DE89} = {7B180FCA-A2BB-48C8-AF36-2300C033C476}
	EndGlobalSection
	GlobalSection(ExtensibilityGlobals) = postSolution
		SolutionGuid = {6BBF5459-C634-4145-961C-04EBE90FE66B}
	EndGlobalSection
EndGlobal
